
Microsoft Visual Studio Solution File, Format Version 12.00
# Visual Studio Version 17
VisualStudioVersion = 17.11.35312.102
MinimumVisualStudioVersion = 10.0.40219.1
Project("{54A90642-561A-4BB1-A94E-469ADEE60C69}") = "HealthCheck", "HealthCheck\HealthCheck.esproj", "{DE8DCCA1-4D7E-4FA8-BFFE-B0E7848C362E}"
EndProject
Project("{FAE04EC0-301F-11D3-BF4B-00C04F79EFBC}") = "HealthCheckAPI", "HealthCheckAPI\HealthCheckAPI.csproj", "{AB6BEF44-BB51-46AE-A457-0CD4D8ABB292}"
EndProject
Global
	GlobalSection(SolutionConfigurationPlatforms) = preSolution
		Debug|Any CPU = Debug|Any CPU
		Release|Any CPU = Release|Any CPU
	EndGlobalSection
	GlobalSection(ProjectConfigurationPlatforms) = postSolution
		{DE8DCCA1-4D7E-4FA8-BFFE-B0E7848C362E}.Debug|Any CPU.ActiveCfg = Debug|Any CPU
		{DE8DCCA1-4D7E-4FA8-BFFE-B0E7848C362E}.Debug|Any CPU.Build.0 = Debug|Any CPU
		{DE8DCCA1-4D7E-4FA8-BFFE-B0E7848C362E}.Debug|Any CPU.Deploy.0 = Debug|Any CPU
		{DE8DCCA1-4D7E-4FA8-BFFE-B0E7848C362E}.Release|Any CPU.ActiveCfg = Release|Any CPU
		{DE8DCCA1-4D7E-4FA8-BFFE-B0E7848C362E}.Release|Any CPU.Build.0 = Release|Any CPU
		{DE8DCCA1-4D7E-4FA8-BFFE-B0E7848C362E}.Release|Any CPU.Deploy.0 = Release|Any CPU
		{AB6BEF44-BB51-46AE-A457-0CD4D8ABB292}.Debug|Any CPU.ActiveCfg = Debug|Any CPU
		{AB6BEF44-BB51-46AE-A457-0CD4D8ABB292}.Debug|Any CPU.Build.0 = Debug|Any CPU
		{AB6BEF44-BB51-46AE-A457-0CD4D8ABB292}.Release|Any CPU.ActiveCfg = Release|Any CPU
		{AB6BEF44-BB51-46AE-A457-0CD4D8ABB292}.Release|Any CPU.Build.0 = Release|Any CPU
	EndGlobalSection
	GlobalSection(SolutionProperties) = preSolution
		HideSolutionNode = FALSE
	EndGlobalSection
	GlobalSection(ExtensibilityGlobals) = postSolution
		SolutionGuid = {C94636E1-8E08-49A2-BF7D-B579110DD839}
	EndGlobalSection
EndGlobal
